
Microsoft Visual Studio Solution File, Format Version 12.00
# Visual Studio Version 17
VisualStudioVersion = 17.4.33103.184
MinimumVisualStudioVersion = 10.0.40219.1
Project("{FAE04EC0-301F-11D3-BF4B-00C04F79EFBC}") = "HashVerifyer", "HashVerifyer.csproj", "{75F6D46D-F2AA-491F-B47D-E0CC5295B33B}"
EndProject
Global
	GlobalSection(SolutionConfigurationPlatforms) = preSolution
		Debug|Any CPU = Debug|Any CPU
		Release|Any CPU = Release|Any CPU
	EndGlobalSection
	GlobalSection(ProjectConfigurationPlatforms) = postSolution
		{75F6D46D-F2AA-491F-B47D-E0CC5295B33B}.Debug|Any CPU.ActiveCfg = Debug|Any CPU
		{75F6D46D-F2AA-491F-B47D-E0CC5295B33B}.Debug|Any CPU.Build.0 = Debug|Any CPU
		{75F6D46D-F2AA-491F-B47D-E0CC5295B33B}.Release|Any CPU.ActiveCfg = Release|Any CPU
		{75F6D46D-F2AA-491F-B47D-E0CC5295B33B}.Release|Any CPU.Build.0 = Release|Any CPU
	EndGlobalSection
	GlobalSection(SolutionProperties) = preSolution
		HideSolutionNode = FALSE
	EndGlobalSection
	GlobalSection(ExtensibilityGlobals) = postSolution
		SolutionGuid = {07222097-6052-41BD-981F-102534D314FB}
	EndGlobalSection
EndGlobal
